
Microsoft Visual Studio Solution File, Format Version 11.00
# Visual Studio 2010
Project("{FAE04EC0-301F-11D3-BF4B-00C04F79EFBC}") = "NaughtyAttributes.Test", "NaughtyAttributes.Test.csproj", "{8a888d5a-5ffa-2612-95c1-156e91995b50}"
EndProject
Project("{FAE04EC0-301F-11D3-BF4B-00C04F79EFBC}") = "NaughtyAttributes.Core", "NaughtyAttributes.Core.csproj", "{d123a1fc-1bcb-a7a0-2317-85022ed3f7e2}"
EndProject
Project("{FAE04EC0-301F-11D3-BF4B-00C04F79EFBC}") = "Assembly-CSharp", "Assembly-CSharp.csproj", "{e5bd8892-87b6-3dcd-c42e-444054d01c02}"
EndProject
Project("{FAE04EC0-301F-11D3-BF4B-00C04F79EFBC}") = "NaughtyAttributes.Editor", "NaughtyAttributes.Editor.csproj", "{bf19e2b3-1cc7-f478-c015-002c9ebeaf49}"
EndProject
Project("{FAE04EC0-301F-11D3-BF4B-00C04F79EFBC}") = "Assembly-CSharp-Editor", "Assembly-CSharp-Editor.csproj", "{f810f1a6-4921-c9fa-077b-9957b402b89e}"
EndProject
Global
	GlobalSection(SolutionConfigurationPlatforms) = preSolution
		Debug|Any CPU = Debug|Any CPU
	EndGlobalSection
	GlobalSection(ProjectConfigurationPlatforms) = postSolution
		{8a888d5a-5ffa-2612-95c1-156e91995b50}.Debug|Any CPU.ActiveCfg = Debug|Any CPU
		{8a888d5a-5ffa-2612-95c1-156e91995b50}.Debug|Any CPU.Build.0 = Debug|Any CPU
		{d123a1fc-1bcb-a7a0-2317-85022ed3f7e2}.Debug|Any CPU.ActiveCfg = Debug|Any CPU
		{d123a1fc-1bcb-a7a0-2317-85022ed3f7e2}.Debug|Any CPU.Build.0 = Debug|Any CPU
		{e5bd8892-87b6-3dcd-c42e-444054d01c02}.Debug|Any CPU.ActiveCfg = Debug|Any CPU
		{e5bd8892-87b6-3dcd-c42e-444054d01c02}.Debug|Any CPU.Build.0 = Debug|Any CPU
		{bf19e2b3-1cc7-f478-c015-002c9ebeaf49}.Debug|Any CPU.ActiveCfg = Debug|Any CPU
		{bf19e2b3-1cc7-f478-c015-002c9ebeaf49}.Debug|Any CPU.Build.0 = Debug|Any CPU
		{f810f1a6-4921-c9fa-077b-9957b402b89e}.Debug|Any CPU.ActiveCfg = Debug|Any CPU
		{f810f1a6-4921-c9fa-077b-9957b402b89e}.Debug|Any CPU.Build.0 = Debug|Any CPU
	EndGlobalSection
	GlobalSection(SolutionProperties) = preSolution
		HideSolutionNode = FALSE
	EndGlobalSection
EndGlobal
